
Microsoft Visual Studio Solution File, Format Version 12.00
# Visual Studio 15
Project("{FAE04EC0-301F-11D3-BF4B-00C04F79EFBC}") = "DwTransactionBus", "DwTransactionBus\DwTransactionBus.csproj", "{CDB6EDB2-9CD5-4CB3-9314-47FDD1368832}"
EndProject
Global
	GlobalSection(SolutionConfigurationPlatforms) = preSolution
		Debug|Any CPU = Debug|Any CPU
		Release|Any CPU = Release|Any CPU
	EndGlobalSection
	GlobalSection(ProjectConfigurationPlatforms) = postSolution
		{CDB6EDB2-9CD5-4CB3-9314-47FDD1368832}.Debug|Any CPU.ActiveCfg = Debug|Any CPU
		{CDB6EDB2-9CD5-4CB3-9314-47FDD1368832}.Debug|Any CPU.Build.0 = Debug|Any CPU
		{CDB6EDB2-9CD5-4CB3-9314-47FDD1368832}.Release|Any CPU.ActiveCfg = Release|Any CPU
		{CDB6EDB2-9CD5-4CB3-9314-47FDD1368832}.Release|Any CPU.Build.0 = Release|Any CPU
	EndGlobalSection
EndGlobal
